
Microsoft Visual Studio Solution File, Format Version 12.00
# Visual Studio Version 16
VisualStudioVersion = 16.0.29201.188
MinimumVisualStudioVersion = 10.0.40219.1
Project("{FAE04EC0-301F-11D3-BF4B-00C04F79EFBC}") = "Form1", "Form1\Form1.csproj", "{369AE61E-1A70-4394-8D71-ACC2824CE595}"
EndProject
Global
	GlobalSection(SolutionConfigurationPlatforms) = preSolution
		Debug|Any CPU = Debug|Any CPU
		Release|Any CPU = Release|Any CPU
	EndGlobalSection
	GlobalSection(ProjectConfigurationPlatforms) = postSolution
		{369AE61E-1A70-4394-8D71-ACC2824CE595}.Debug|Any CPU.ActiveCfg = Debug|Any CPU
		{369AE61E-1A70-4394-8D71-ACC2824CE595}.Debug|Any CPU.Build.0 = Debug|Any CPU
		{369AE61E-1A70-4394-8D71-ACC2824CE595}.Release|Any CPU.ActiveCfg = Release|Any CPU
		{369AE61E-1A70-4394-8D71-ACC2824CE595}.Release|Any CPU.Build.0 = Release|Any CPU
	EndGlobalSection
	GlobalSection(SolutionProperties) = preSolution
		HideSolutionNode = FALSE
	EndGlobalSection
	GlobalSection(ExtensibilityGlobals) = postSolution
		SolutionGuid = {42A21932-7CF2-4D83-AFAB-C04A3C60226B}
	EndGlobalSection
EndGlobal
